# This file is @generated by PDM.
# It is not intended for manual editing.

[metadata]
groups = ["default"]
strategy = ["inherit_metadata"]
lock_version = "4.5.0"
content_hash = "sha256:4d35e2839634356c479b8cf5b3fa63df418c8180b2f172790789f293a0b9fb55"

[[metadata.targets]]
requires_python = "==3.13.*"

[[package]]
name = "aio-pika"
version = "9.5.5"
requires_python = "<4.0,>=3.9"
summary = "Wrapper around the aiormq for asyncio and humans"
groups = ["default"]
dependencies = [
    "aiormq<6.9,>=6.8",
    "exceptiongroup<2,>=1",
    "typing-extensions; python_version < \"3.10\"",
    "yarl",
]
files = [
    {file = "aio_pika-9.5.5-py3-none-any.whl", hash = "sha256:94e0ac3666398d6a28b0c3b530c1febf4c6d4ececb345620727cfd7bfe1c02e0"},
    {file = "aio_pika-9.5.5.tar.gz", hash = "sha256:3d2f25838860fa7e209e21fc95555f558401f9b49a832897419489f1c9e1d6a4"},
]

[[package]]
name = "aiormq"
version = "6.8.1"
requires_python = "<4.0,>=3.8"
summary = "Pure python AMQP asynchronous client library"
groups = ["default"]
dependencies = [
    "pamqp==3.3.0",
    "setuptools; python_version < \"3.8\"",
    "yarl",
]
files = [
    {file = "aiormq-6.8.1-py3-none-any.whl", hash = "sha256:5da896c8624193708f9409ffad0b20395010e2747f22aa4150593837f40aa017"},
    {file = "aiormq-6.8.1.tar.gz", hash = "sha256:a964ab09634be1da1f9298ce225b310859763d5cf83ef3a7eae1a6dc6bd1da1a"},
]

[[package]]
name = "click"
version = "8.1.8"
requires_python = ">=3.7"
summary = "Composable command line interface toolkit"
groups = ["default"]
dependencies = [
    "colorama; platform_system == \"Windows\"",
    "importlib-metadata; python_version < \"3.8\"",
]
files = [
    {file = "click-8.1.8-py3-none-any.whl", hash = "sha256:63c132bbbed01578a06712a2d1f497bb62d9c1c0d329b7903a866228027263b2"},
    {file = "click-8.1.8.tar.gz", hash = "sha256:ed53c9d8990d83c2a27deae68e4ee337473f6330c040a31d4225c9574d16096a"},
]

[[package]]
name = "colorama"
version = "0.4.6"
requires_python = "!=3.0.*,!=3.1.*,!=3.2.*,!=3.3.*,!=3.4.*,!=3.5.*,!=3.6.*,>=2.7"
summary = "Cross-platform colored terminal text."
groups = ["default"]
marker = "platform_system == \"Windows\""
files = [
    {file = "colorama-0.4.6-py2.py3-none-any.whl", hash = "sha256:4f1d9991f5acc0ca119f9d443620b77f9d6b33703e51011c16baf57afb285fc6"},
    {file = "colorama-0.4.6.tar.gz", hash = "sha256:08695f5cb7ed6e0531a20572697297273c47b8cae5a63ffc6d6ed5c201be6e44"},
]

[[package]]
name = "dnspython"
version = "2.7.0"
requires_python = ">=3.9"
summary = "DNS toolkit"
groups = ["default"]
files = [
    {file = "dnspython-2.7.0-py3-none-any.whl", hash = "sha256:b4c34b7d10b51bcc3a5071e7b8dee77939f1e878477eeecc965e9835f63c6c86"},
    {file = "dnspython-2.7.0.tar.gz", hash = "sha256:ce9c432eda0dc91cf618a5cedf1a4e142651196bbcd2c80e89ed5a907e5cfaf1"},
]

[[package]]
name = "exceptiongroup"
version = "1.2.2"
requires_python = ">=3.7"
summary = "Backport of PEP 654 (exception groups)"
groups = ["default"]
files = [
    {file = "exceptiongroup-1.2.2-py3-none-any.whl", hash = "sha256:3111b9d131c238bec2f8f516e123e14ba243563fb135d3fe885990585aa7795b"},
    {file = "exceptiongroup-1.2.2.tar.gz", hash = "sha256:47c2edf7c6738fafb49fd34290706d1a1a2f4d1c6df275526b62cbb4aa5393cc"},
]

[[package]]
name = "idna"
version = "3.10"
requires_python = ">=3.6"
summary = "Internationalized Domain Names in Applications (IDNA)"
groups = ["default"]
files = [
    {file = "idna-3.10-py3-none-any.whl", hash = "sha256:946d195a0d259cbba61165e88e65941f16e9b36ea6ddb97f00452bae8b1287d3"},
    {file = "idna-3.10.tar.gz", hash = "sha256:12f65c9b470abda6dc35cf8e63cc574b1c52b11df2c86030af0ac09b01b13ea9"},
]

[[package]]
name = "joblib"
version = "1.4.2"
requires_python = ">=3.8"
summary = "Lightweight pipelining with Python functions"
groups = ["default"]
files = [
    {file = "joblib-1.4.2-py3-none-any.whl", hash = "sha256:06d478d5674cbc267e7496a410ee875abd68e4340feff4490bcb7afb88060ae6"},
    {file = "joblib-1.4.2.tar.gz", hash = "sha256:2382c5816b2636fbd20a09e0f4e9dad4736765fdfb7dca582943b9c1366b3f0e"},
]

[[package]]
name = "multidict"
version = "6.1.0"
requires_python = ">=3.8"
summary = "multidict implementation"
groups = ["default"]
dependencies = [
    "typing-extensions>=4.1.0; python_version < \"3.11\"",
]
files = [
    {file = "multidict-6.1.0-cp313-cp313-macosx_10_13_universal2.whl", hash = "sha256:d569388c381b24671589335a3be6e1d45546c2988c2ebe30fdcada8457a31008"},
    {file = "multidict-6.1.0-cp313-cp313-macosx_10_13_x86_64.whl", hash = "sha256:052e10d2d37810b99cc170b785945421141bf7bb7d2f8799d431e7db229c385f"},
    {file = "multidict-6.1.0-cp313-cp313-macosx_11_0_arm64.whl", hash = "sha256:f90c822a402cb865e396a504f9fc8173ef34212a342d92e362ca498cad308e28"},
    {file = "multidict-6.1.0-cp313-cp313-manylinux_2_17_aarch64.manylinux2014_aarch64.whl", hash = "sha256:b225d95519a5bf73860323e633a664b0d85ad3d5bede6d30d95b35d4dfe8805b"},
    {file = "multidict-6.1.0-cp313-cp313-manylinux_2_17_ppc64le.manylinux2014_ppc64le.whl", hash = "sha256:23bfd518810af7de1116313ebd9092cb9aa629beb12f6ed631ad53356ed6b86c"},
    {file = "multidict-6.1.0-cp313-cp313-manylinux_2_17_s390x.manylinux2014_s390x.whl", hash = "sha256:5c09fcfdccdd0b57867577b719c69e347a436b86cd83747f179dbf0cc0d4c1f3"},
    {file = "multidict-6.1.0-cp313-cp313-manylinux_2_17_x86_64.manylinux2014_x86_64.whl", hash = "sha256:bf6bea52ec97e95560af5ae576bdac3aa3aae0b6758c6efa115236d9e07dae44"},
    {file = "multidict-6.1.0-cp313-cp313-manylinux_2_5_i686.manylinux1_i686.manylinux_2_17_i686.manylinux2014_i686.whl", hash = "sha256:57feec87371dbb3520da6192213c7d6fc892d5589a93db548331954de8248fd2"},
    {file = "multidict-6.1.0-cp313-cp313-musllinux_1_2_aarch64.whl", hash = "sha256:0c3f390dc53279cbc8ba976e5f8035eab997829066756d811616b652b00a23a3"},
    {file = "multidict-6.1.0-cp313-cp313-musllinux_1_2_i686.whl", hash = "sha256:59bfeae4b25ec05b34f1956eaa1cb38032282cd4dfabc5056d0a1ec4d696d3aa"},
    {file = "multidict-6.1.0-cp313-cp313-musllinux_1_2_ppc64le.whl", hash = "sha256:b2f59caeaf7632cc633b5cf6fc449372b83bbdf0da4ae04d5be36118e46cc0aa"},
    {file = "multidict-6.1.0-cp313-cp313-musllinux_1_2_s390x.whl", hash = "sha256:37bb93b2178e02b7b618893990941900fd25b6b9ac0fa49931a40aecdf083fe4"},
    {file = "multidict-6.1.0-cp313-cp313-musllinux_1_2_x86_64.whl", hash = "sha256:4e9f48f58c2c523d5a06faea47866cd35b32655c46b443f163d08c6d0ddb17d6"},
    {file = "multidict-6.1.0-cp313-cp313-win32.whl", hash = "sha256:3a37ffb35399029b45c6cc33640a92bef403c9fd388acce75cdc88f58bd19a81"},
    {file = "multidict-6.1.0-cp313-cp313-win_amd64.whl", hash = "sha256:e9aa71e15d9d9beaad2c6b9319edcdc0a49a43ef5c0a4c8265ca9ee7d6c67774"},
    {file = "multidict-6.1.0-py3-none-any.whl", hash = "sha256:48e171e52d1c4d33888e529b999e5900356b9ae588c2f09a52dcefb158b27506"},
    {file = "multidict-6.1.0.tar.gz", hash = "sha256:22ae2ebf9b0c69d206c003e2f6a914ea33f0a932d4aa16f236afc049d9958f4a"},
]

[[package]]
name = "nltk"
version = "3.9.1"
requires_python = ">=3.8"
summary = "Natural Language Toolkit"
groups = ["default"]
dependencies = [
    "click",
    "joblib",
    "regex>=2021.8.3",
    "tqdm",
]
files = [
    {file = "nltk-3.9.1-py3-none-any.whl", hash = "sha256:4fa26829c5b00715afe3061398a8989dc643b92ce7dd93fb4585a70930d168a1"},
    {file = "nltk-3.9.1.tar.gz", hash = "sha256:87d127bd3de4bd89a4f81265e5fa59cb1b199b27440175370f7417d2bc7ae868"},
]

[[package]]
name = "pamqp"
version = "3.3.0"
requires_python = ">=3.7"
summary = "RabbitMQ Focused AMQP low-level library"
groups = ["default"]
files = [
    {file = "pamqp-3.3.0-py2.py3-none-any.whl", hash = "sha256:c901a684794157ae39b52cbf700db8c9aae7a470f13528b9d7b4e5f7202f8eb0"},
    {file = "pamqp-3.3.0.tar.gz", hash = "sha256:40b8795bd4efcf2b0f8821c1de83d12ca16d5760f4507836267fd7a02b06763b"},
]

[[package]]
name = "propcache"
version = "0.3.0"
requires_python = ">=3.9"
summary = "Accelerated property cache"
groups = ["default"]
files = [
    {file = "propcache-0.3.0-cp313-cp313-macosx_10_13_universal2.whl", hash = "sha256:a2b9bf8c79b660d0ca1ad95e587818c30ccdb11f787657458d6f26a1ea18c568"},
    {file = "propcache-0.3.0-cp313-cp313-macosx_10_13_x86_64.whl", hash = "sha256:b0c1a133d42c6fc1f5fbcf5c91331657a1ff822e87989bf4a6e2e39b818d0ee9"},
    {file = "propcache-0.3.0-cp313-cp313-macosx_11_0_arm64.whl", hash = "sha256:bb2f144c6d98bb5cbc94adeb0447cfd4c0f991341baa68eee3f3b0c9c0e83767"},
    {file = "propcache-0.3.0-cp313-cp313-manylinux_2_17_aarch64.manylinux2014_aarch64.whl", hash = "sha256:d1323cd04d6e92150bcc79d0174ce347ed4b349d748b9358fd2e497b121e03c8"},
    {file = "propcache-0.3.0-cp313-cp313-manylinux_2_17_ppc64le.manylinux2014_ppc64le.whl", hash = "sha256:3b812b3cb6caacd072276ac0492d249f210006c57726b6484a1e1805b3cfeea0"},
    {file = "propcache-0.3.0-cp313-cp313-manylinux_2_17_s390x.manylinux2014_s390x.whl", hash = "sha256:742840d1d0438eb7ea4280f3347598f507a199a35a08294afdcc560c3739989d"},
    {file = "propcache-0.3.0-cp313-cp313-manylinux_2_17_x86_64.manylinux2014_x86_64.whl", hash = "sha256:7c6e7e4f9167fddc438cd653d826f2222222564daed4116a02a184b464d3ef05"},
    {file = "propcache-0.3.0-cp313-cp313-manylinux_2_5_i686.manylinux1_i686.manylinux_2_17_i686.manylinux2014_i686.whl", hash = "sha256:a94ffc66738da99232ddffcf7910e0f69e2bbe3a0802e54426dbf0714e1c2ffe"},
    {file = "propcache-0.3.0-cp313-cp313-musllinux_1_2_aarch64.whl", hash = "sha256:3c6ec957025bf32b15cbc6b67afe233c65b30005e4c55fe5768e4bb518d712f1"},
    {file = "propcache-0.3.0-cp313-cp313-musllinux_1_2_armv7l.whl", hash = "sha256:549722908de62aa0b47a78b90531c022fa6e139f9166be634f667ff45632cc92"},
    {file = "propcache-0.3.0-cp313-cp313-musllinux_1_2_i686.whl", hash = "sha256:5d62c4f6706bff5d8a52fd51fec6069bef69e7202ed481486c0bc3874912c787"},
    {file = "propcache-0.3.0-cp313-cp313-musllinux_1_2_ppc64le.whl", hash = "sha256:24c04f8fbf60094c531667b8207acbae54146661657a1b1be6d3ca7773b7a545"},
    {file = "propcache-0.3.0-cp313-cp313-musllinux_1_2_s390x.whl", hash = "sha256:7c5f5290799a3f6539cc5e6f474c3e5c5fbeba74a5e1e5be75587746a940d51e"},
    {file = "propcache-0.3.0-cp313-cp313-musllinux_1_2_x86_64.whl", hash = "sha256:4fa0e7c9c3cf7c276d4f6ab9af8adddc127d04e0fcabede315904d2ff76db626"},
    {file = "propcache-0.3.0-cp313-cp313-win32.whl", hash = "sha256:ee0bd3a7b2e184e88d25c9baa6a9dc609ba25b76daae942edfb14499ac7ec374"},
    {file = "propcache-0.3.0-cp313-cp313-win_amd64.whl", hash = "sha256:1c8f7d896a16da9455f882870a507567d4f58c53504dc2d4b1e1d386dfe4588a"},
    {file = "propcache-0.3.0-cp313-cp313t-macosx_10_13_universal2.whl", hash = "sha256:e560fd75aaf3e5693b91bcaddd8b314f4d57e99aef8a6c6dc692f935cc1e6bbf"},
    {file = "propcache-0.3.0-cp313-cp313t-macosx_10_13_x86_64.whl", hash = "sha256:65a37714b8ad9aba5780325228598a5b16c47ba0f8aeb3dc0514701e4413d7c0"},
    {file = "propcache-0.3.0-cp313-cp313t-macosx_11_0_arm64.whl", hash = "sha256:07700939b2cbd67bfb3b76a12e1412405d71019df00ca5697ce75e5ef789d829"},
    {file = "propcache-0.3.0-cp313-cp313t-manylinux_2_17_aarch64.manylinux2014_aarch64.whl", hash = "sha256:7c0fdbdf6983526e269e5a8d53b7ae3622dd6998468821d660d0daf72779aefa"},
    {file = "propcache-0.3.0-cp313-cp313t-manylinux_2_17_ppc64le.manylinux2014_ppc64le.whl", hash = "sha256:794c3dd744fad478b6232289c866c25406ecdfc47e294618bdf1697e69bd64a6"},
    {file = "propcache-0.3.0-cp313-cp313t-manylinux_2_17_s390x.manylinux2014_s390x.whl", hash = "sha256:4544699674faf66fb6b4473a1518ae4999c1b614f0b8297b1cef96bac25381db"},
    {file = "propcache-0.3.0-cp313-cp313t-manylinux_2_17_x86_64.manylinux2014_x86_64.whl", hash = "sha256:fddb8870bdb83456a489ab67c6b3040a8d5a55069aa6f72f9d872235fbc52f54"},
    {file = "propcache-0.3.0-cp313-cp313t-manylinux_2_5_i686.manylinux1_i686.manylinux_2_17_i686.manylinux2014_i686.whl", hash = "sha256:f857034dc68d5ceb30fb60afb6ff2103087aea10a01b613985610e007053a121"},
    {file = "propcache-0.3.0-cp313-cp313t-musllinux_1_2_aarch64.whl", hash = "sha256:02df07041e0820cacc8f739510078f2aadcfd3fc57eaeeb16d5ded85c872c89e"},
    {file = "propcache-0.3.0-cp313-cp313t-musllinux_1_2_armv7l.whl", hash = "sha256:f47d52fd9b2ac418c4890aad2f6d21a6b96183c98021f0a48497a904199f006e"},
    {file = "propcache-0.3.0-cp313-cp313t-musllinux_1_2_i686.whl", hash = "sha256:9ff4e9ecb6e4b363430edf2c6e50173a63e0820e549918adef70515f87ced19a"},
    {file = "propcache-0.3.0-cp313-cp313t-musllinux_1_2_ppc64le.whl", hash = "sha256:ecc2920630283e0783c22e2ac94427f8cca29a04cfdf331467d4f661f4072dac"},
    {file = "propcache-0.3.0-cp313-cp313t-musllinux_1_2_s390x.whl", hash = "sha256:c441c841e82c5ba7a85ad25986014be8d7849c3cfbdb6004541873505929a74e"},
    {file = "propcache-0.3.0-cp313-cp313t-musllinux_1_2_x86_64.whl", hash = "sha256:6c929916cbdb540d3407c66f19f73387f43e7c12fa318a66f64ac99da601bcdf"},
    {file = "propcache-0.3.0-cp313-cp313t-win32.whl", hash = "sha256:0c3e893c4464ebd751b44ae76c12c5f5c1e4f6cbd6fbf67e3783cd93ad221863"},
    {file = "propcache-0.3.0-cp313-cp313t-win_amd64.whl", hash = "sha256:75e872573220d1ee2305b35c9813626e620768248425f58798413e9c39741f46"},
    {file = "propcache-0.3.0-py3-none-any.whl", hash = "sha256:67dda3c7325691c2081510e92c561f465ba61b975f481735aefdfc845d2cd043"},
    {file = "propcache-0.3.0.tar.gz", hash = "sha256:a8fd93de4e1d278046345f49e2238cdb298589325849b2645d4a94c53faeffc5"},
]

[[package]]
name = "pylo"
version = "0.1.0"
requires_python = ">=3.12"
git = "https://github.com/samme90s/pylo.git"
ref = "v0.1.1"
revision = "27367a3bfbaa032273e4a9c5777815ff64834868"
summary = "A custom logger module"
groups = ["default"]

[[package]]
name = "pymongo"
version = "4.11.1"
requires_python = ">=3.9"
summary = "Python driver for MongoDB <http://www.mongodb.org>"
groups = ["default"]
dependencies = [
    "dnspython<3.0.0,>=1.16.0",
]
files = [
    {file = "pymongo-4.11.1-cp313-cp313-macosx_10_13_x86_64.whl", hash = "sha256:f845b46d77a5bcf0c9ee16f11c5bc84c63f4668d9ea4fc54cd923c8d48a1d521"},
    {file = "pymongo-4.11.1-cp313-cp313-macosx_11_0_arm64.whl", hash = "sha256:aadea45e01103f6ee4e80d76d4a27393a4e2bd93472ce4ebb894781f395e1053"},
    {file = "pymongo-4.11.1-cp313-cp313-manylinux_2_17_aarch64.manylinux2014_aarch64.whl", hash = "sha256:a63348c850df796199abef7e9afbd86c34449f56731c7ec70b3901df1f5c135b"},
    {file = "pymongo-4.11.1-cp313-cp313-manylinux_2_17_ppc64le.manylinux2014_ppc64le.whl", hash = "sha256:7dd7656794bfbfbe10723813332ec33eed29bd9bb7fc122c63829fd445eb8425"},
    {file = "pymongo-4.11.1-cp313-cp313-manylinux_2_17_s390x.manylinux2014_s390x.whl", hash = "sha256:7146ae04300ce6f83b75c639e97c3d0ce873f30edaac4b719ae173e886b9ff90"},
    {file = "pymongo-4.11.1-cp313-cp313-manylinux_2_17_x86_64.manylinux2014_x86_64.whl", hash = "sha256:698fb3d13126c0719077c98b40378cb9a6f4ab4a72b7691779aa01f1f6c66493"},
    {file = "pymongo-4.11.1-cp313-cp313-manylinux_2_5_i686.manylinux1_i686.manylinux_2_17_i686.manylinux2014_i686.whl", hash = "sha256:f415d9569720f408cc4dcc171f60299d454b0414f120666e6fdd349d414bf010"},
    {file = "pymongo-4.11.1-cp313-cp313-win32.whl", hash = "sha256:4aa2c40e391ca29a337bef2b46b495c3f24b5696a87a58f0a0676a8bf131f9f8"},
    {file = "pymongo-4.11.1-cp313-cp313-win_amd64.whl", hash = "sha256:1f871efa14a1f368559edff39ec03799ca108bfa8e1ba330b7ffc05eb958661f"},
    {file = "pymongo-4.11.1-cp313-cp313t-macosx_10_13_x86_64.whl", hash = "sha256:d293cec18624825937bd7f1d8bacf16104c79ced45a8ada93f08ec8a7a2ad17a"},
    {file = "pymongo-4.11.1-cp313-cp313t-macosx_11_0_arm64.whl", hash = "sha256:7b3ea3494f3e166a524529bb05a4fdda97afd77031fed3a63862fd815288c9df"},
    {file = "pymongo-4.11.1-cp313-cp313t-manylinux_2_17_aarch64.manylinux2014_aarch64.whl", hash = "sha256:d12f4c4579076b7351c63378e22f43d4ce4ed4f2c93208b653c4752f18f47309"},
    {file = "pymongo-4.11.1-cp313-cp313t-manylinux_2_17_ppc64le.manylinux2014_ppc64le.whl", hash = "sha256:0a8aba4818350d2a463e084ae2426d395e725525fe86bd0219240b265dc1ca52"},
    {file = "pymongo-4.11.1-cp313-cp313t-manylinux_2_17_s390x.manylinux2014_s390x.whl", hash = "sha256:f97f62e6edde15d1d3d08abd7e43f1787ee9e672b1bb8e9d9f5fd6ded24f5599"},
    {file = "pymongo-4.11.1-cp313-cp313t-manylinux_2_17_x86_64.manylinux2014_x86_64.whl", hash = "sha256:8a4e82dce301c97bb132dec28a487c1a609dc67948e9db7cbd23485875367204"},
    {file = "pymongo-4.11.1-cp313-cp313t-manylinux_2_5_i686.manylinux1_i686.manylinux_2_17_i686.manylinux2014_i686.whl", hash = "sha256:985a614ec24519f4a3d82aafb766c3f782a452fc46b32112d508a4e19b33fff3"},
    {file = "pymongo-4.11.1-cp313-cp313t-win32.whl", hash = "sha256:889d20850d5aaa4f19814462c06488553e70ed4c62195dbaad5d5662884778af"},
    {file = "pymongo-4.11.1-cp313-cp313t-win_amd64.whl", hash = "sha256:3854db4be39cb9e0c34add1fd7e515deab0b4ee30f3cc3978e057746d119ac12"},
    {file = "pymongo-4.11.1.tar.gz", hash = "sha256:3757ce9257c3486eead45680a8895a0ed9ba27efaf1791fc0cf854367c21c638"},
]

[[package]]
name = "python-dotenv"
version = "1.0.1"
requires_python = ">=3.8"
summary = "Read key-value pairs from a .env file and set them as environment variables"
groups = ["default"]
files = [
    {file = "python-dotenv-1.0.1.tar.gz", hash = "sha256:e324ee90a023d808f1959c46bcbc04446a10ced277783dc6ee09987c37ec10ca"},
    {file = "python_dotenv-1.0.1-py3-none-any.whl", hash = "sha256:f7b63ef50f1b690dddf550d03497b66d609393b40b564ed0d674909a68ebf16a"},
]

[[package]]
name = "regex"
version = "2024.11.6"
requires_python = ">=3.8"
summary = "Alternative regular expression module, to replace re."
groups = ["default"]
files = [
    {file = "regex-2024.11.6-cp313-cp313-macosx_10_13_universal2.whl", hash = "sha256:a6ba92c0bcdf96cbf43a12c717eae4bc98325ca3730f6b130ffa2e3c3c723d84"},
    {file = "regex-2024.11.6-cp313-cp313-macosx_10_13_x86_64.whl", hash = "sha256:525eab0b789891ac3be914d36893bdf972d483fe66551f79d3e27146191a37d4"},
    {file = "regex-2024.11.6-cp313-cp313-macosx_11_0_arm64.whl", hash = "sha256:086a27a0b4ca227941700e0b31425e7a28ef1ae8e5e05a33826e17e47fbfdba0"},
    {file = "regex-2024.11.6-cp313-cp313-manylinux_2_17_aarch64.manylinux2014_aarch64.whl", hash = "sha256:bde01f35767c4a7899b7eb6e823b125a64de314a8ee9791367c9a34d56af18d0"},
    {file = "regex-2024.11.6-cp313-cp313-manylinux_2_17_ppc64le.manylinux2014_ppc64le.whl", hash = "sha256:b583904576650166b3d920d2bcce13971f6f9e9a396c673187f49811b2769dc7"},
    {file = "regex-2024.11.6-cp313-cp313-manylinux_2_17_s390x.manylinux2014_s390x.whl", hash = "sha256:1c4de13f06a0d54fa0d5ab1b7138bfa0d883220965a29616e3ea61b35d5f5fc7"},
    {file = "regex-2024.11.6-cp313-cp313-manylinux_2_17_x86_64.manylinux2014_x86_64.whl", hash = "sha256:3cde6e9f2580eb1665965ce9bf17ff4952f34f5b126beb509fee8f4e994f143c"},
    {file = "regex-2024.11.6-cp313-cp313-manylinux_2_5_i686.manylinux1_i686.manylinux_2_17_i686.manylinux2014_i686.whl", hash = "sha256:0d7f453dca13f40a02b79636a339c5b62b670141e63efd511d3f8f73fba162b3"},
    {file = "regex-2024.11.6-cp313-cp313-musllinux_1_2_aarch64.whl", hash = "sha256:59dfe1ed21aea057a65c6b586afd2a945de04fc7db3de0a6e3ed5397ad491b07"},
    {file = "regex-2024.11.6-cp313-cp313-musllinux_1_2_i686.whl", hash = "sha256:b97c1e0bd37c5cd7902e65f410779d39eeda155800b65fc4d04cc432efa9bc6e"},
    {file = "regex-2024.11.6-cp313-cp313-musllinux_1_2_ppc64le.whl", hash = "sha256:f9d1e379028e0fc2ae3654bac3cbbef81bf3fd571272a42d56c24007979bafb6"},
    {file = "regex-2024.11.6-cp313-cp313-musllinux_1_2_s390x.whl", hash = "sha256:13291b39131e2d002a7940fb176e120bec5145f3aeb7621be6534e46251912c4"},
    {file = "regex-2024.11.6-cp313-cp313-musllinux_1_2_x86_64.whl", hash = "sha256:4f51f88c126370dcec4908576c5a627220da6c09d0bff31cfa89f2523843316d"},
    {file = "regex-2024.11.6-cp313-cp313-win32.whl", hash = "sha256:63b13cfd72e9601125027202cad74995ab26921d8cd935c25f09c630436348ff"},
    {file = "regex-2024.11.6-cp313-cp313-win_amd64.whl", hash = "sha256:2b3361af3198667e99927da8b84c1b010752fa4b1115ee30beaa332cabc3ef1a"},
    {file = "regex-2024.11.6.tar.gz", hash = "sha256:7ab159b063c52a0333c884e4679f8d7a85112ee3078fe3d9004b2dd875585519"},
]

[[package]]
name = "tenacity"
version = "9.0.0"
requires_python = ">=3.8"
summary = "Retry code until it succeeds"
groups = ["default"]
files = [
    {file = "tenacity-9.0.0-py3-none-any.whl", hash = "sha256:93de0c98785b27fcf659856aa9f54bfbd399e29969b0621bc7f762bd441b4539"},
    {file = "tenacity-9.0.0.tar.gz", hash = "sha256:807f37ca97d62aa361264d497b0e31e92b8027044942bfa756160d908320d73b"},
]

[[package]]
name = "tqdm"
version = "4.67.1"
requires_python = ">=3.7"
summary = "Fast, Extensible Progress Meter"
groups = ["default"]
dependencies = [
    "colorama; platform_system == \"Windows\"",
]
files = [
    {file = "tqdm-4.67.1-py3-none-any.whl", hash = "sha256:26445eca388f82e72884e0d580d5464cd801a3ea01e63e5601bdff9ba6a48de2"},
    {file = "tqdm-4.67.1.tar.gz", hash = "sha256:f8aef9c52c08c13a65f30ea34f4e5aac3fd1a34959879d7e59e63027286627f2"},
]

[[package]]
name = "yarl"
version = "1.18.3"
requires_python = ">=3.9"
summary = "Yet another URL library"
groups = ["default"]
dependencies = [
    "idna>=2.0",
    "multidict>=4.0",
    "propcache>=0.2.0",
]
files = [
    {file = "yarl-1.18.3-cp313-cp313-macosx_10_13_universal2.whl", hash = "sha256:90adb47ad432332d4f0bc28f83a5963f426ce9a1a8809f5e584e704b82685dcb"},
    {file = "yarl-1.18.3-cp313-cp313-macosx_10_13_x86_64.whl", hash = "sha256:913829534200eb0f789d45349e55203a091f45c37a2674678744ae52fae23efa"},
    {file = "yarl-1.18.3-cp313-cp313-macosx_11_0_arm64.whl", hash = "sha256:ef9f7768395923c3039055c14334ba4d926f3baf7b776c923c93d80195624782"},
    {file = "yarl-1.18.3-cp313-cp313-manylinux_2_17_aarch64.manylinux2014_aarch64.whl", hash = "sha256:88a19f62ff30117e706ebc9090b8ecc79aeb77d0b1f5ec10d2d27a12bc9f66d0"},
    {file = "yarl-1.18.3-cp313-cp313-manylinux_2_17_ppc64le.manylinux2014_ppc64le.whl", hash = "sha256:e17c9361d46a4d5addf777c6dd5eab0715a7684c2f11b88c67ac37edfba6c482"},
    {file = "yarl-1.18.3-cp313-cp313-manylinux_2_17_s390x.manylinux2014_s390x.whl", hash = "sha256:1a74a13a4c857a84a845505fd2d68e54826a2cd01935a96efb1e9d86c728e186"},
    {file = "yarl-1.18.3-cp313-cp313-manylinux_2_17_x86_64.manylinux2014_x86_64.whl", hash = "sha256:41f7ce59d6ee7741af71d82020346af364949314ed3d87553763a2df1829cc58"},
    {file = "yarl-1.18.3-cp313-cp313-manylinux_2_5_i686.manylinux1_i686.manylinux_2_17_i686.manylinux2014_i686.whl", hash = "sha256:f52a265001d830bc425f82ca9eabda94a64a4d753b07d623a9f2863fde532b53"},
    {file = "yarl-1.18.3-cp313-cp313-musllinux_1_2_aarch64.whl", hash = "sha256:82123d0c954dc58db301f5021a01854a85bf1f3bb7d12ae0c01afc414a882ca2"},
    {file = "yarl-1.18.3-cp313-cp313-musllinux_1_2_armv7l.whl", hash = "sha256:2ec9bbba33b2d00999af4631a3397d1fd78290c48e2a3e52d8dd72db3a067ac8"},
    {file = "yarl-1.18.3-cp313-cp313-musllinux_1_2_i686.whl", hash = "sha256:fbd6748e8ab9b41171bb95c6142faf068f5ef1511935a0aa07025438dd9a9bc1"},
    {file = "yarl-1.18.3-cp313-cp313-musllinux_1_2_ppc64le.whl", hash = "sha256:877d209b6aebeb5b16c42cbb377f5f94d9e556626b1bfff66d7b0d115be88d0a"},
    {file = "yarl-1.18.3-cp313-cp313-musllinux_1_2_s390x.whl", hash = "sha256:b464c4ab4bfcb41e3bfd3f1c26600d038376c2de3297760dfe064d2cb7ea8e10"},
    {file = "yarl-1.18.3-cp313-cp313-musllinux_1_2_x86_64.whl", hash = "sha256:8d39d351e7faf01483cc7ff7c0213c412e38e5a340238826be7e0e4da450fdc8"},
    {file = "yarl-1.18.3-cp313-cp313-win32.whl", hash = "sha256:61ee62ead9b68b9123ec24bc866cbef297dd266175d53296e2db5e7f797f902d"},
    {file = "yarl-1.18.3-cp313-cp313-win_amd64.whl", hash = "sha256:578e281c393af575879990861823ef19d66e2b1d0098414855dd367e234f5b3c"},
    {file = "yarl-1.18.3-py3-none-any.whl", hash = "sha256:b57f4f58099328dfb26c6a771d09fb20dbbae81d20cfb66141251ea063bd101b"},
    {file = "yarl-1.18.3.tar.gz", hash = "sha256:ac1801c45cbf77b6c99242eeff4fffb5e4e73a800b5c4ad4fc0be5def634d2e1"},
]
